github.com/bcicen/jstream v1.0.1 h1:BXY7Cu4rdmc0rhyTVyT3UkxAiX3bnLpKLas9btbH5ck=
github.com/bcicen/jstream v1.0.1/go.mod h1:9ielPxqFry7Y4Tg3j4BfjPocfJ3TbsRtXOAYXYmRuAQ=
github.com/cavaliercoder/grab v3.0.1+incompatible h1:JHkLdLRMRF+WAxj22uB1PjBZUs2iJ8nmmpE1qZL2x1E=
github.com/cavaliercoder/grab v3.0.1+incompatible/go.mod h1:tTBkfNqSBfuMmMBFaO2phgyhdYhiZQ/+iXCZDzcDsMI=
github.com/cavaliergopher/grab/v3 v3.0.1 h1:4z7TkBfmPjmLAAmkkAZNX/6QJ1nNFdv3SdIHXju0Fr4=
github.com/cavaliergopher/grab/v3 v3.0.1/go.mod h1:1U/KNnD+Ft6JJiYoYBAimKH2XrYptb8Kl3DFGmsjpq4=
github.com/neo4j/neo4j-go-driver/v5 v5.28.1 h1:RKWQW7wTgYAY2fU9S+9LaJ9OwRPbRc0I17tlT7nDmAY=
github.com/neo4j/neo4j-go-driver/v5 v5.28.1/go.mod h1:Vff8OwT7QpLm7L2yYr85XNWe9Rbqlbeb9asNXJTHO4k=
