github.com/bcicen/jstream v1.0.1 h1:BXY7Cu4rdmc0rhyTVyT3UkxAiX3bnLpKLas9btbH5ck=
github.com/bcicen/jstream v1.0.1/go.mod h1:9ielPxqFry7Y4Tg3j4BfjPocfJ3TbsRtXOAYXYmRuAQ=
github.com/neo4j/neo4j-go-driver/v5 v5.28.1 h1:RKWQW7wTgYAY2fU9S+9LaJ9OwRPbRc0I17tlT7nDmAY=
github.com/neo4j/neo4j-go-driver/v5 v5.28.1/go.mod h1:Vff8OwT7QpLm7L2yYr85XNWe9Rbqlbeb9asNXJTHO4k=
